
Microsoft Visual Studio Solution File, Format Version 12.00
# Visual Studio 15
VisualStudioVersion = 15.0.27130.2010
MinimumVisualStudioVersion = 10.0.40219.1
Project("{E24C65DC-7377-472B-9ABA-BC803B73C61A}") = "udemy.com_learn_angularjs", "http://localhost:24282", "{A73F0086-A703-4BD5-AE7D-2EAEB9582EFC}"
	ProjectSection(WebsiteProperties) = preProject
		UseIISExpress = "true"
		TargetFrameworkMoniker = ".NETFramework,Version%3Dv4.5.1"
		Debug.AspNetCompiler.VirtualPath = "/localhost_24282"
		Debug.AspNetCompiler.PhysicalPath = "..\udemy.com_learn_angularjs\"
		Debug.AspNetCompiler.TargetPath = "PrecompiledWeb\localhost_24282\"
		Debug.AspNetCompiler.Updateable = "true"
		Debug.AspNetCompiler.ForceOverwrite = "true"
		Debug.AspNetCompiler.FixedNames = "false"
		Debug.AspNetCompiler.Debug = "True"
		Release.AspNetCompiler.VirtualPath = "/localhost_24282"
		Release.AspNetCompiler.PhysicalPath = "..\udemy.com_learn_angularjs\"
		Release.AspNetCompiler.TargetPath = "PrecompiledWeb\localhost_24282\"
		Release.AspNetCompiler.Updateable = "true"
		Release.AspNetCompiler.ForceOverwrite = "true"
		Release.AspNetCompiler.FixedNames = "false"
		Release.AspNetCompiler.Debug = "False"
		SlnRelativePath = "..\udemy.com_learn_angularjs\"
	EndProjectSection
EndProject
Global
	GlobalSection(SolutionConfigurationPlatforms) = preSolution
		Debug|Any CPU = Debug|Any CPU
	EndGlobalSection
	GlobalSection(ProjectConfigurationPlatforms) = postSolution
		{A73F0086-A703-4BD5-AE7D-2EAEB9582EFC}.Debug|Any CPU.ActiveCfg = Debug|Any CPU
		{A73F0086-A703-4BD5-AE7D-2EAEB9582EFC}.Debug|Any CPU.Build.0 = Debug|Any CPU
	EndGlobalSection
	GlobalSection(SolutionProperties) = preSolution
		HideSolutionNode = FALSE
	EndGlobalSection
	GlobalSection(ExtensibilityGlobals) = postSolution
		SolutionGuid = {F45F2772-AE5E-4AC8-8316-1B43A66AF13B}
	EndGlobalSection
EndGlobal
